{
  "version": 4,
  "terraform_version": "1.2.9",
  "serial": 109,
  "lineage": "c64c66dc-9eb3-bb86-9a23-a9494de6af69",
  "outputs": {},
  "resources": [
    {
      "mode": "managed",
      "type": "azurerm_network_interface",
      "name": "nic",
      "provider": "provider[\"registry.terraform.io/hashicorp/azurerm\"]",
      "instances": [
        {
          "index_key": "VM1",
          "schema_version": 0,
          "attributes": {
            "applied_dns_servers": [],
            "dns_servers": [],
            "edge_zone": "",
            "enable_accelerated_networking": false,
            "enable_ip_forwarding": false,
            "id": "/subscriptions/3056212f-46d9-44d0-b23f-c8ad7b093760/resourceGroups/demoRG/providers/Microsoft.Network/networkInterfaces/VM1",
            "internal_dns_name_label": "",
            "internal_domain_name_suffix": "1rnd1xzlztrunkrtx3aj4sijzh.bx.internal.cloudapp.net",
            "ip_configuration": [
              {
                "gateway_load_balancer_frontend_ip_configuration_id": "",
                "name": "ipconfig",
                "primary": true,
                "private_ip_address": "10.0.1.6",
                "private_ip_address_allocation": "Dynamic",
                "private_ip_address_version": "IPv4",
                "public_ip_address_id": "",
                "subnet_id": "/subscriptions/3056212f-46d9-44d0-b23f-c8ad7b093760/resourceGroups/DevRG/providers/Microsoft.Network/virtualNetworks/demoVnet/subnets/testsub"
              }
            ],
            "location": "eastus",
            "mac_address": "",
            "name": "VM1",
            "private_ip_address": "10.0.1.6",
            "private_ip_addresses": [
              "10.0.1.6"
            ],
            "resource_group_name": "demoRG",
            "tags": null,
            "timeouts": null,
            "virtual_machine_id": ""
          },
          "sensitive_attributes": [],
          "private": "eyJlMmJmYjczMC1lY2FhLTExZTYtOGY4OC0zNDM2M2JjN2M0YzAiOnsiY3JlYXRlIjoxODAwMDAwMDAwMDAwLCJkZWxldGUiOjE4MDAwMDAwMDAwMDAsInJlYWQiOjMwMDAwMDAwMDAwMCwidXBkYXRlIjoxODAwMDAwMDAwMDAwfX0=",
          "dependencies": [
            "azurerm_resource_group.RG",
            "azurerm_resource_group.rg",
            "azurerm_subnet.subnet",
            "azurerm_virtual_network.vnet"
          ]
        },
        {
          "index_key": "VM2",
          "schema_version": 0,
          "attributes": {
            "applied_dns_servers": [],
            "dns_servers": [],
            "edge_zone": "",
            "enable_accelerated_networking": false,
            "enable_ip_forwarding": false,
            "id": "/subscriptions/3056212f-46d9-44d0-b23f-c8ad7b093760/resourceGroups/demoRG/providers/Microsoft.Network/networkInterfaces/VM2",
            "internal_dns_name_label": "",
            "internal_domain_name_suffix": "1rnd1xzlztrunkrtx3aj4sijzh.bx.internal.cloudapp.net",
            "ip_configuration": [
              {
                "gateway_load_balancer_frontend_ip_configuration_id": "",
                "name": "ipconfig",
                "primary": true,
                "private_ip_address": "10.0.1.5",
                "private_ip_address_allocation": "Dynamic",
                "private_ip_address_version": "IPv4",
                "public_ip_address_id": "",
                "subnet_id": "/subscriptions/3056212f-46d9-44d0-b23f-c8ad7b093760/resourceGroups/DevRG/providers/Microsoft.Network/virtualNetworks/demoVnet/subnets/testsub"
              }
            ],
            "location": "eastus",
            "mac_address": "",
            "name": "VM2",
            "private_ip_address": "10.0.1.5",
            "private_ip_addresses": [
              "10.0.1.5"
            ],
            "resource_group_name": "demoRG",
            "tags": null,
            "timeouts": null,
            "virtual_machine_id": ""
          },
          "sensitive_attributes": [],
          "private": "eyJlMmJmYjczMC1lY2FhLTExZTYtOGY4OC0zNDM2M2JjN2M0YzAiOnsiY3JlYXRlIjoxODAwMDAwMDAwMDAwLCJkZWxldGUiOjE4MDAwMDAwMDAwMDAsInJlYWQiOjMwMDAwMDAwMDAwMCwidXBkYXRlIjoxODAwMDAwMDAwMDAwfX0=",
          "dependencies": [
            "azurerm_resource_group.RG",
            "azurerm_resource_group.rg",
            "azurerm_subnet.subnet",
            "azurerm_virtual_network.vnet"
          ]
        },
        {
          "index_key": "VM3",
          "schema_version": 0,
          "attributes": {
            "applied_dns_servers": [],
            "dns_servers": [],
            "edge_zone": "",
            "enable_accelerated_networking": false,
            "enable_ip_forwarding": false,
            "id": "/subscriptions/3056212f-46d9-44d0-b23f-c8ad7b093760/resourceGroups/demoRG/providers/Microsoft.Network/networkInterfaces/VM3",
            "internal_dns_name_label": "",
            "internal_domain_name_suffix": "1rnd1xzlztrunkrtx3aj4sijzh.bx.internal.cloudapp.net",
            "ip_configuration": [
              {
                "gateway_load_balancer_frontend_ip_configuration_id": "",
                "name": "ipconfig",
                "primary": true,
                "private_ip_address": "10.0.1.4",
                "private_ip_address_allocation": "Dynamic",
                "private_ip_address_version": "IPv4",
                "public_ip_address_id": "",
                "subnet_id": "/subscriptions/3056212f-46d9-44d0-b23f-c8ad7b093760/resourceGroups/DevRG/providers/Microsoft.Network/virtualNetworks/demoVnet/subnets/testsub"
              }
            ],
            "location": "eastus",
            "mac_address": "",
            "name": "VM3",
            "private_ip_address": "10.0.1.4",
            "private_ip_addresses": [
              "10.0.1.4"
            ],
            "resource_group_name": "demoRG",
            "tags": null,
            "timeouts": null,
            "virtual_machine_id": ""
          },
          "sensitive_attributes": [],
          "private": "eyJlMmJmYjczMC1lY2FhLTExZTYtOGY4OC0zNDM2M2JjN2M0YzAiOnsiY3JlYXRlIjoxODAwMDAwMDAwMDAwLCJkZWxldGUiOjE4MDAwMDAwMDAwMDAsInJlYWQiOjMwMDAwMDAwMDAwMCwidXBkYXRlIjoxODAwMDAwMDAwMDAwfX0=",
          "dependencies": [
            "azurerm_resource_group.RG",
            "azurerm_resource_group.rg",
            "azurerm_subnet.subnet",
            "azurerm_virtual_network.vnet"
          ]
        }
      ]
    },
    {
      "mode": "managed",
      "type": "azurerm_resource_group",
      "name": "RG",
      "provider": "provider[\"registry.terraform.io/hashicorp/azurerm\"]",
      "instances": [
        {
          "schema_version": 0,
          "attributes": {
            "id": "/subscriptions/3056212f-46d9-44d0-b23f-c8ad7b093760/resourceGroups/DevRG",
            "location": "eastus",
            "name": "DevRG",
            "tags": null,
            "timeouts": null
          },
          "sensitive_attributes": [],
          "private": "eyJlMmJmYjczMC1lY2FhLTExZTYtOGY4OC0zNDM2M2JjN2M0YzAiOnsiY3JlYXRlIjo1NDAwMDAwMDAwMDAwLCJkZWxldGUiOjU0MDAwMDAwMDAwMDAsInJlYWQiOjMwMDAwMDAwMDAwMCwidXBkYXRlIjo1NDAwMDAwMDAwMDAwfX0="
        }
      ]
    },
    {
      "mode": "managed",
      "type": "azurerm_resource_group",
      "name": "rg",
      "provider": "provider[\"registry.terraform.io/hashicorp/azurerm\"]",
      "instances": [
        {
          "schema_version": 0,
          "attributes": {
            "id": "/subscriptions/3056212f-46d9-44d0-b23f-c8ad7b093760/resourceGroups/demoRG",
            "location": "eastus",
            "name": "demoRG",
            "tags": {
              "Environment": "test",
              "Owner": "Pawan"
            },
            "timeouts": null
          },
          "sensitive_attributes": [],
          "private": "eyJlMmJmYjczMC1lY2FhLTExZTYtOGY4OC0zNDM2M2JjN2M0YzAiOnsiY3JlYXRlIjo1NDAwMDAwMDAwMDAwLCJkZWxldGUiOjU0MDAwMDAwMDAwMDAsInJlYWQiOjMwMDAwMDAwMDAwMCwidXBkYXRlIjo1NDAwMDAwMDAwMDAwfX0="
        }
      ]
    },
    {
      "mode": "managed",
      "type": "azurerm_storage_account",
      "name": "storage",
      "provider": "provider[\"registry.terraform.io/hashicorp/azurerm\"]",
      "instances": [
        {
          "schema_version": 3,
          "attributes": {
            "access_tier": "Hot",
            "account_kind": "StorageV2",
            "account_replication_type": "LRS",
            "account_tier": "Standard",
            "allow_nested_items_to_be_public": true,
            "azure_files_authentication": [],
            "blob_properties": [
              {
                "change_feed_enabled": false,
                "change_feed_retention_in_days": 0,
                "container_delete_retention_policy": [],
                "cors_rule": [],
                "default_service_version": "",
                "delete_retention_policy": [],
                "last_access_time_enabled": false,
                "versioning_enabled": false
              }
            ],
            "cross_tenant_replication_enabled": true,
            "custom_domain": [],
            "customer_managed_key": [],
            "default_to_oauth_authentication": false,
            "edge_zone": "",
            "enable_https_traffic_only": true,
            "id": "/subscriptions/3056212f-46d9-44d0-b23f-c8ad7b093760/resourceGroups/demoRG/providers/Microsoft.Storage/storageAccounts/dialogstorage1",
            "identity": [],
            "infrastructure_encryption_enabled": false,
            "is_hns_enabled": false,
            "large_file_share_enabled": null,
            "location": "eastus",
            "min_tls_version": "TLS1_2",
            "name": "dialogstorage1",
            "network_rules": [
              {
                "bypass": [
                  "AzureServices"
                ],
                "default_action": "Allow",
                "ip_rules": [],
                "private_link_access": [],
                "virtual_network_subnet_ids": []
              }
            ],
            "nfsv3_enabled": false,
            "primary_access_key": "C3IsZIkY9t9i/F7X7it396CsEbLyZmKayv5xoA4KW9PKG++QV24NR07IHP041liybefMamY8FEN6+ASt0q6OoQ==",
            "primary_blob_connection_string": "DefaultEndpointsProtocol=https;BlobEndpoint=https://dialogstorage1.blob.core.windows.net/;AccountName=dialogstorage1;AccountKey=C3IsZIkY9t9i/F7X7it396CsEbLyZmKayv5xoA4KW9PKG++QV24NR07IHP041liybefMamY8FEN6+ASt0q6OoQ==",
            "primary_blob_endpoint": "https://dialogstorage1.blob.core.windows.net/",
            "primary_blob_host": "dialogstorage1.blob.core.windows.net",
            "primary_connection_string": "DefaultEndpointsProtocol=https;AccountName=dialogstorage1;AccountKey=C3IsZIkY9t9i/F7X7it396CsEbLyZmKayv5xoA4KW9PKG++QV24NR07IHP041liybefMamY8FEN6+ASt0q6OoQ==;EndpointSuffix=core.windows.net",
            "primary_dfs_endpoint": "https://dialogstorage1.dfs.core.windows.net/",
            "primary_dfs_host": "dialogstorage1.dfs.core.windows.net",
            "primary_file_endpoint": "https://dialogstorage1.file.core.windows.net/",
            "primary_file_host": "dialogstorage1.file.core.windows.net",
            "primary_location": "eastus",
            "primary_queue_endpoint": "https://dialogstorage1.queue.core.windows.net/",
            "primary_queue_host": "dialogstorage1.queue.core.windows.net",
            "primary_table_endpoint": "https://dialogstorage1.table.core.windows.net/",
            "primary_table_host": "dialogstorage1.table.core.windows.net",
            "primary_web_endpoint": "https://dialogstorage1.z13.web.core.windows.net/",
            "primary_web_host": "dialogstorage1.z13.web.core.windows.net",
            "public_network_access_enabled": true,
            "queue_encryption_key_type": "Service",
            "queue_properties": [
              {
                "cors_rule": [],
                "hour_metrics": [
                  {
                    "enabled": true,
                    "include_apis": true,
                    "retention_policy_days": 7,
                    "version": "1.0"
                  }
                ],
                "logging": [
                  {
                    "delete": false,
                    "read": false,
                    "retention_policy_days": 0,
                    "version": "1.0",
                    "write": false
                  }
                ],
                "minute_metrics": [
                  {
                    "enabled": false,
                    "include_apis": false,
                    "retention_policy_days": 0,
                    "version": "1.0"
                  }
                ]
              }
            ],
            "resource_group_name": "demoRG",
            "routing": [],
            "secondary_access_key": "HT9aGryVG8NxfK92fiex7fg0q2HIwa+DcLFexPeg/cHW7qIlM0EN/Vb4fH7s269ZYj1/TJ2YOQ0y+AStAj7u6A==",
            "secondary_blob_connection_string": "",
            "secondary_blob_endpoint": null,
            "secondary_blob_host": null,
            "secondary_connection_string": "DefaultEndpointsProtocol=https;AccountName=dialogstorage1;AccountKey=HT9aGryVG8NxfK92fiex7fg0q2HIwa+DcLFexPeg/cHW7qIlM0EN/Vb4fH7s269ZYj1/TJ2YOQ0y+AStAj7u6A==;EndpointSuffix=core.windows.net",
            "secondary_dfs_endpoint": null,
            "secondary_dfs_host": null,
            "secondary_file_endpoint": null,
            "secondary_file_host": null,
            "secondary_location": "",
            "secondary_queue_endpoint": null,
            "secondary_queue_host": null,
            "secondary_table_endpoint": null,
            "secondary_table_host": null,
            "secondary_web_endpoint": null,
            "secondary_web_host": null,
            "share_properties": [
              {
                "cors_rule": [],
                "retention_policy": [
                  {
                    "days": 7
                  }
                ],
                "smb": []
              }
            ],
            "shared_access_key_enabled": true,
            "static_website": [],
            "table_encryption_key_type": "Service",
            "tags": null,
            "timeouts": null
          },
          "sensitive_attributes": [],
          "private": "eyJlMmJmYjczMC1lY2FhLTExZTYtOGY4OC0zNDM2M2JjN2M0YzAiOnsiY3JlYXRlIjozNjAwMDAwMDAwMDAwLCJkZWxldGUiOjM2MDAwMDAwMDAwMDAsInJlYWQiOjMwMDAwMDAwMDAwMCwidXBkYXRlIjozNjAwMDAwMDAwMDAwfSwic2NoZW1hX3ZlcnNpb24iOiIzIn0=",
          "dependencies": [
            "azurerm_resource_group.rg"
          ]
        }
      ]
    },
    {
      "mode": "managed",
      "type": "azurerm_subnet",
      "name": "subnet",
      "provider": "provider[\"registry.terraform.io/hashicorp/azurerm\"]",
      "instances": [
        {
          "schema_version": 0,
          "attributes": {
            "address_prefixes": [
              "10.0.1.0/24"
            ],
            "delegation": [],
            "enforce_private_link_endpoint_network_policies": false,
            "enforce_private_link_service_network_policies": false,
            "id": "/subscriptions/3056212f-46d9-44d0-b23f-c8ad7b093760/resourceGroups/DevRG/providers/Microsoft.Network/virtualNetworks/demoVnet/subnets/testsub",
            "name": "testsub",
            "private_endpoint_network_policies_enabled": true,
            "private_link_service_network_policies_enabled": true,
            "resource_group_name": "DevRG",
            "service_endpoint_policy_ids": null,
            "service_endpoints": null,
            "timeouts": null,
            "virtual_network_name": "demoVnet"
          },
          "sensitive_attributes": [],
          "private": "eyJlMmJmYjczMC1lY2FhLTExZTYtOGY4OC0zNDM2M2JjN2M0YzAiOnsiY3JlYXRlIjoxODAwMDAwMDAwMDAwLCJkZWxldGUiOjE4MDAwMDAwMDAwMDAsInJlYWQiOjMwMDAwMDAwMDAwMCwidXBkYXRlIjoxODAwMDAwMDAwMDAwfX0=",
          "dependencies": [
            "azurerm_resource_group.RG",
            "azurerm_virtual_network.vnet"
          ]
        }
      ]
    },
    {
      "mode": "managed",
      "type": "azurerm_virtual_machine",
      "name": "VM",
      "provider": "provider[\"registry.terraform.io/hashicorp/azurerm\"]",
      "instances": [
        {
          "index_key": "VM1",
          "schema_version": 0,
          "attributes": {
            "additional_capabilities": [],
            "availability_set_id": null,
            "boot_diagnostics": [
              {
                "enabled": true,
                "storage_uri": "https://dialogstorage1.blob.core.windows.net/"
              }
            ],
            "delete_data_disks_on_termination": true,
            "delete_os_disk_on_termination": true,
            "id": "/subscriptions/3056212f-46d9-44d0-b23f-c8ad7b093760/resourceGroups/demoRG/providers/Microsoft.Compute/virtualMachines/VM1",
            "identity": [],
            "license_type": null,
            "location": "eastus",
            "name": "VM1",
            "network_interface_ids": [
              "/subscriptions/3056212f-46d9-44d0-b23f-c8ad7b093760/resourceGroups/demoRG/providers/Microsoft.Network/networkInterfaces/VM1"
            ],
            "os_profile": [
              {
                "admin_password": "",
                "admin_username": "VM1-adm",
                "computer_name": "VM1",
                "custom_data": ""
              }
            ],
            "os_profile_linux_config": [
              {
                "disable_password_authentication": false,
                "ssh_keys": []
              }
            ],
            "os_profile_secrets": [],
            "os_profile_windows_config": [],
            "plan": [],
            "primary_network_interface_id": null,
            "proximity_placement_group_id": null,
            "resource_group_name": "demoRG",
            "storage_data_disk": [
              {
                "caching": "None",
                "create_option": "Empty",
                "disk_size_gb": 512,
                "lun": 0,
                "managed_disk_id": "/subscriptions/3056212f-46d9-44d0-b23f-c8ad7b093760/resourceGroups/demoRG/providers/Microsoft.Compute/disks/VM1-disk1",
                "managed_disk_type": "Premium_LRS",
                "name": "VM1-disk1",
                "vhd_uri": "",
                "write_accelerator_enabled": false
              }
            ],
            "storage_image_reference": [
              {
                "id": "",
                "offer": "CentOS",
                "publisher": "OpenLogic",
                "sku": "7.7",
                "version": "Latest"
              }
            ],
            "storage_os_disk": [
              {
                "caching": "ReadWrite",
                "create_option": "FromImage",
                "disk_size_gb": 32,
                "image_uri": "",
                "managed_disk_id": "/subscriptions/3056212f-46d9-44d0-b23f-c8ad7b093760/resourceGroups/demoRG/providers/Microsoft.Compute/disks/VM1-osdisk",
                "managed_disk_type": "Premium_LRS",
                "name": "VM1-osdisk",
                "os_type": "Linux",
                "vhd_uri": "",
                "write_accelerator_enabled": false
              }
            ],
            "tags": null,
            "timeouts": null,
            "vm_size": "Standard_D8s_v3",
            "zones": null
          },
          "sensitive_attributes": [],
          "private": "eyJlMmJmYjczMC1lY2FhLTExZTYtOGY4OC0zNDM2M2JjN2M0YzAiOnsiY3JlYXRlIjozNjAwMDAwMDAwMDAwLCJkZWxldGUiOjM2MDAwMDAwMDAwMDAsInJlYWQiOjMwMDAwMDAwMDAwMCwidXBkYXRlIjozNjAwMDAwMDAwMDAwfX0=",
          "dependencies": [
            "azurerm_network_interface.nic",
            "azurerm_resource_group.RG",
            "azurerm_resource_group.rg",
            "azurerm_storage_account.storage",
            "azurerm_subnet.subnet",
            "azurerm_virtual_network.vnet"
          ]
        },
        {
          "index_key": "VM2",
          "schema_version": 0,
          "attributes": {
            "additional_capabilities": [],
            "availability_set_id": null,
            "boot_diagnostics": [
              {
                "enabled": true,
                "storage_uri": "https://dialogstorage1.blob.core.windows.net/"
              }
            ],
            "delete_data_disks_on_termination": true,
            "delete_os_disk_on_termination": true,
            "id": "/subscriptions/3056212f-46d9-44d0-b23f-c8ad7b093760/resourceGroups/demoRG/providers/Microsoft.Compute/virtualMachines/VM2",
            "identity": [],
            "license_type": null,
            "location": "eastus",
            "name": "VM2",
            "network_interface_ids": [
              "/subscriptions/3056212f-46d9-44d0-b23f-c8ad7b093760/resourceGroups/demoRG/providers/Microsoft.Network/networkInterfaces/VM2"
            ],
            "os_profile": [
              {
                "admin_password": "",
                "admin_username": "VM2-adm",
                "computer_name": "VM2",
                "custom_data": ""
              }
            ],
            "os_profile_linux_config": [
              {
                "disable_password_authentication": false,
                "ssh_keys": []
              }
            ],
            "os_profile_secrets": [],
            "os_profile_windows_config": [],
            "plan": [],
            "primary_network_interface_id": null,
            "proximity_placement_group_id": null,
            "resource_group_name": "demoRG",
            "storage_data_disk": [
              {
                "caching": "None",
                "create_option": "Empty",
                "disk_size_gb": 512,
                "lun": 0,
                "managed_disk_id": "/subscriptions/3056212f-46d9-44d0-b23f-c8ad7b093760/resourceGroups/demoRG/providers/Microsoft.Compute/disks/VM2-disk1",
                "managed_disk_type": "Premium_LRS",
                "name": "VM2-disk1",
                "vhd_uri": "",
                "write_accelerator_enabled": false
              }
            ],
            "storage_image_reference": [
              {
                "id": "",
                "offer": "CentOS",
                "publisher": "OpenLogic",
                "sku": "7.7",
                "version": "Latest"
              }
            ],
            "storage_os_disk": [
              {
                "caching": "ReadWrite",
                "create_option": "FromImage",
                "disk_size_gb": 32,
                "image_uri": "",
                "managed_disk_id": "/subscriptions/3056212f-46d9-44d0-b23f-c8ad7b093760/resourceGroups/demoRG/providers/Microsoft.Compute/disks/VM2-osdisk",
                "managed_disk_type": "Premium_LRS",
                "name": "VM2-osdisk",
                "os_type": "Linux",
                "vhd_uri": "",
                "write_accelerator_enabled": false
              }
            ],
            "tags": null,
            "timeouts": null,
            "vm_size": "Standard_D8s_v3",
            "zones": null
          },
          "sensitive_attributes": [],
          "private": "eyJlMmJmYjczMC1lY2FhLTExZTYtOGY4OC0zNDM2M2JjN2M0YzAiOnsiY3JlYXRlIjozNjAwMDAwMDAwMDAwLCJkZWxldGUiOjM2MDAwMDAwMDAwMDAsInJlYWQiOjMwMDAwMDAwMDAwMCwidXBkYXRlIjozNjAwMDAwMDAwMDAwfX0=",
          "dependencies": [
            "azurerm_network_interface.nic",
            "azurerm_resource_group.RG",
            "azurerm_resource_group.rg",
            "azurerm_storage_account.storage",
            "azurerm_subnet.subnet",
            "azurerm_virtual_network.vnet"
          ]
        },
        {
          "index_key": "VM3",
          "schema_version": 0,
          "attributes": {
            "additional_capabilities": [],
            "availability_set_id": null,
            "boot_diagnostics": [
              {
                "enabled": true,
                "storage_uri": "https://dialogstorage1.blob.core.windows.net/"
              }
            ],
            "delete_data_disks_on_termination": true,
            "delete_os_disk_on_termination": true,
            "id": "/subscriptions/3056212f-46d9-44d0-b23f-c8ad7b093760/resourceGroups/demoRG/providers/Microsoft.Compute/virtualMachines/VM3",
            "identity": [],
            "license_type": null,
            "location": "eastus",
            "name": "VM3",
            "network_interface_ids": [
              "/subscriptions/3056212f-46d9-44d0-b23f-c8ad7b093760/resourceGroups/demoRG/providers/Microsoft.Network/networkInterfaces/VM3"
            ],
            "os_profile": [
              {
                "admin_password": "",
                "admin_username": "VM3-adm",
                "computer_name": "VM3",
                "custom_data": ""
              }
            ],
            "os_profile_linux_config": [
              {
                "disable_password_authentication": false,
                "ssh_keys": []
              }
            ],
            "os_profile_secrets": [],
            "os_profile_windows_config": [],
            "plan": [],
            "primary_network_interface_id": null,
            "proximity_placement_group_id": null,
            "resource_group_name": "demoRG",
            "storage_data_disk": [
              {
                "caching": "None",
                "create_option": "Empty",
                "disk_size_gb": 512,
                "lun": 0,
                "managed_disk_id": "/subscriptions/3056212f-46d9-44d0-b23f-c8ad7b093760/resourceGroups/demoRG/providers/Microsoft.Compute/disks/VM3-disk1",
                "managed_disk_type": "Premium_LRS",
                "name": "VM3-disk1",
                "vhd_uri": "",
                "write_accelerator_enabled": false
              }
            ],
            "storage_image_reference": [
              {
                "id": "",
                "offer": "CentOS",
                "publisher": "OpenLogic",
                "sku": "7.7",
                "version": "Latest"
              }
            ],
            "storage_os_disk": [
              {
                "caching": "ReadWrite",
                "create_option": "FromImage",
                "disk_size_gb": 32,
                "image_uri": "",
                "managed_disk_id": "/subscriptions/3056212f-46d9-44d0-b23f-c8ad7b093760/resourceGroups/demoRG/providers/Microsoft.Compute/disks/VM3-osdisk",
                "managed_disk_type": "Premium_LRS",
                "name": "VM3-osdisk",
                "os_type": "Linux",
                "vhd_uri": "",
                "write_accelerator_enabled": false
              }
            ],
            "tags": null,
            "timeouts": null,
            "vm_size": "Standard_D8s_v3",
            "zones": null
          },
          "sensitive_attributes": [],
          "private": "eyJlMmJmYjczMC1lY2FhLTExZTYtOGY4OC0zNDM2M2JjN2M0YzAiOnsiY3JlYXRlIjozNjAwMDAwMDAwMDAwLCJkZWxldGUiOjM2MDAwMDAwMDAwMDAsInJlYWQiOjMwMDAwMDAwMDAwMCwidXBkYXRlIjozNjAwMDAwMDAwMDAwfX0=",
          "dependencies": [
            "azurerm_network_interface.nic",
            "azurerm_resource_group.RG",
            "azurerm_resource_group.rg",
            "azurerm_storage_account.storage",
            "azurerm_subnet.subnet",
            "azurerm_virtual_network.vnet"
          ]
        }
      ]
    },
    {
      "mode": "managed",
      "type": "azurerm_virtual_network",
      "name": "vnet",
      "provider": "provider[\"registry.terraform.io/hashicorp/azurerm\"]",
      "instances": [
        {
          "schema_version": 0,
          "attributes": {
            "address_space": [
              "10.0.0.0/16"
            ],
            "bgp_community": "",
            "ddos_protection_plan": [],
            "dns_servers": [],
            "edge_zone": "",
            "flow_timeout_in_minutes": 0,
            "guid": "df3d5adc-cc2b-46e3-aa33-bf409f4909cf",
            "id": "/subscriptions/3056212f-46d9-44d0-b23f-c8ad7b093760/resourceGroups/DevRG/providers/Microsoft.Network/virtualNetworks/demoVnet",
            "location": "eastus",
            "name": "demoVnet",
            "resource_group_name": "DevRG",
            "subnet": [],
            "tags": null,
            "timeouts": null
          },
          "sensitive_attributes": [],
          "private": "eyJlMmJmYjczMC1lY2FhLTExZTYtOGY4OC0zNDM2M2JjN2M0YzAiOnsiY3JlYXRlIjoxODAwMDAwMDAwMDAwLCJkZWxldGUiOjE4MDAwMDAwMDAwMDAsInJlYWQiOjMwMDAwMDAwMDAwMCwidXBkYXRlIjoxODAwMDAwMDAwMDAwfX0=",
          "dependencies": [
            "azurerm_resource_group.RG"
          ]
        }
      ]
    }
  ]
}
